
Microsoft Visual Studio Solution File, Format Version 12.00
# Visual Studio Version 17
VisualStudioVersion = 17.9.34902.65
MinimumVisualStudioVersion = 10.0.40219.1
Project("{FAE04EC0-301F-11D3-BF4B-00C04F79EFBC}") = "MyDoc", "MyDoc\MyDoc.csproj", "{A412B5D0-044C-40DE-91BA-C3795EC1CCBC}"
EndProject
Project("{2150E333-8FDC-42A3-9474-1A3956D46DE8}") = "DLLs", "DLLs", "{E3D9514B-8EFD-4CCD-8D95-2F6C620C62E1}"
	ProjectSection(SolutionItems) = preProject
		..\..\..\..\Downloads\DBLayer.dll = ..\..\..\..\Downloads\DBLayer.dll
	EndProjectSection
EndProject
Global
	GlobalSection(SolutionConfigurationPlatforms) = preSolution
		Debug|Any CPU = Debug|Any CPU
		Release|Any CPU = Release|Any CPU
	EndGlobalSection
	GlobalSection(ProjectConfigurationPlatforms) = postSolution
		{A412B5D0-044C-40DE-91BA-C3795EC1CCBC}.Debug|Any CPU.ActiveCfg = Debug|Any CPU
		{A412B5D0-044C-40DE-91BA-C3795EC1CCBC}.Debug|Any CPU.Build.0 = Debug|Any CPU
		{A412B5D0-044C-40DE-91BA-C3795EC1CCBC}.Release|Any CPU.ActiveCfg = Release|Any CPU
		{A412B5D0-044C-40DE-91BA-C3795EC1CCBC}.Release|Any CPU.Build.0 = Release|Any CPU
	EndGlobalSection
	GlobalSection(SolutionProperties) = preSolution
		HideSolutionNode = FALSE
	EndGlobalSection
	GlobalSection(ExtensibilityGlobals) = postSolution
		SolutionGuid = {F582DE8F-3222-4B14-9B6D-3AE605356644}
	EndGlobalSection
EndGlobal
